// !$*UTF8*$!
{
	archiveVersion = 1;
	classes = {
	};
	objectVersion = 50;
	objects = {

/* Begin PBXBuildFile section */
		B907DFF9217F1C28005FB658 /* Type1Cell.swift in Sources */ = {isa = PBXBuildFile; fileRef = B907DFF8217F1C28005FB658 /* Type1Cell.swift */; };
		B90ECE09217EEB0400569097 /* Pods_Bill.framework in Frameworks */ = {isa = PBXBuildFile; fileRef = B90ECE08217EEB0400569097 /* Pods_Bill.framework */; settings = {ATTRIBUTES = (Required, ); }; };
		B92B3DBE217EAAD100908530 /* AppDelegate.swift in Sources */ = {isa = PBXBuildFile; fileRef = B92B3DBD217EAAD100908530 /* AppDelegate.swift */; };
		B92B3DC0217EAAD100908530 /* ViewController.swift in Sources */ = {isa = PBXBuildFile; fileRef = B92B3DBF217EAAD100908530 /* ViewController.swift */; };
		B92B3DC3217EAAD100908530 /* Main.storyboard in Resources */ = {isa = PBXBuildFile; fileRef = B92B3DC1217EAAD100908530 /* Main.storyboard */; };
		B92B3DC5217EAAD300908530 /* Assets.xcassets in Resources */ = {isa = PBXBuildFile; fileRef = B92B3DC4217EAAD300908530 /* Assets.xcassets */; };
		B92B3DC8217EAAD300908530 /* LaunchScreen.storyboard in Resources */ = {isa = PBXBuildFile; fileRef = B92B3DC6217EAAD300908530 /* LaunchScreen.storyboard */; };
		B92B3DD0217EB3A700908530 /* BillModel.swift in Sources */ = {isa = PBXBuildFile; fileRef = B92B3DCF217EB3A700908530 /* BillModel.swift */; };
		B92B3DD2217EB71E00908530 /* BillDetailViewController.swift in Sources */ = {isa = PBXBuildFile; fileRef = B92B3DD1217EB71E00908530 /* BillDetailViewController.swift */; };
		B92B3DD4217ED00B00908530 /* HeaderView.swift in Sources */ = {isa = PBXBuildFile; fileRef = B92B3DD3217ED00B00908530 /* HeaderView.swift */; };
/* End PBXBuildFile section */

/* Begin PBXFileReference section */
		60070C4CD236DC0EF9C7A5C6 /* Pods_Bill.framework */ = {isa = PBXFileReference; explicitFileType = wrapper.framework; includeInIndex = 0; path = Pods_Bill.framework; sourceTree = BUILT_PRODUCTS_DIR; };
		B2F92134648A222C8513D79D /* Pods-Bill.release.xcconfig */ = {isa = PBXFileReference; includeInIndex = 1; lastKnownFileType = text.xcconfig; name = "Pods-Bill.release.xcconfig"; path = "Pods/Target Support Files/Pods-Bill/Pods-Bill.release.xcconfig"; sourceTree = "<group>"; };
		B907DFF8217F1C28005FB658 /* Type1Cell.swift */ = {isa = PBXFileReference; lastKnownFileType = sourcecode.swift; path = Type1Cell.swift; sourceTree = "<group>"; };
		B90ECE08217EEB0400569097 /* Pods_Bill.framework */ = {isa = PBXFileReference; explicitFileType = wrapper.framework; path = Pods_Bill.framework; sourceTree = BUILT_PRODUCTS_DIR; };
		B92B3DBA217EAAD100908530 /* Bill.app */ = {isa = PBXFileReference; explicitFileType = wrapper.application; includeInIndex = 0; path = Bill.app; sourceTree = BUILT_PRODUCTS_DIR; };
		B92B3DBD217EAAD100908530 /* AppDelegate.swift */ = {isa = PBXFileReference; lastKnownFileType = sourcecode.swift; path = AppDelegate.swift; sourceTree = "<group>"; };
		B92B3DBF217EAAD100908530 /* ViewController.swift */ = {isa = PBXFileReference; lastKnownFileType = sourcecode.swift; path = ViewController.swift; sourceTree = "<group>"; };
		B92B3DC2217EAAD100908530 /* Base */ = {isa = PBXFileReference; lastKnownFileType = file.storyboard; name = Base; path = Base.lproj/Main.storyboard; sourceTree = "<group>"; };
		B92B3DC4217EAAD300908530 /* Assets.xcassets */ = {isa = PBXFileReference; lastKnownFileType = folder.assetcatalog; path = Assets.xcassets; sourceTree = "<group>"; };
		B92B3DC7217EAAD300908530 /* Base */ = {isa = PBXFileReference; lastKnownFileType = file.storyboard; name = Base; path = Base.lproj/LaunchScreen.storyboard; sourceTree = "<group>"; };
		B92B3DC9217EAAD300908530 /* Info.plist */ = {isa = PBXFileReference; lastKnownFileType = text.plist.xml; path = Info.plist; sourceTree = "<group>"; };
		B92B3DCF217EB3A700908530 /* BillModel.swift */ = {isa = PBXFileReference; lastKnownFileType = sourcecode.swift; path = BillModel.swift; sourceTree = "<group>"; };
		B92B3DD1217EB71E00908530 /* BillDetailViewController.swift */ = {isa = PBXFileReference; lastKnownFileType = sourcecode.swift; path = BillDetailViewController.swift; sourceTree = "<group>"; };
		B92B3DD3217ED00B00908530 /* HeaderView.swift */ = {isa = PBXFileReference; lastKnownFileType = sourcecode.swift; path = HeaderView.swift; sourceTree = "<group>"; };
		B9A550CA4F6EEB889E4ECA61 /* Pods-Bill.debug.xcconfig */ = {isa = PBXFileReference; includeInIndex = 1; lastKnownFileType = text.xcconfig; name = "Pods-Bill.debug.xcconfig"; path = "Pods/Target Support Files/Pods-Bill/Pods-Bill.debug.xcconfig"; sourceTree = "<group>"; };
/* End PBXFileReference section */

/* Begin PBXFrameworksBuildPhase section */
		B92B3DB7217EAAD100908530 /* Frameworks */ = {
			isa = PBXFrameworksBuildPhase;
			buildActionMask = 2147483647;
			files = (
				B90ECE09217EEB0400569097 /* Pods_Bill.framework in Frameworks */,
			);
			runOnlyForDeploymentPostprocessing = 0;
		};
/* End PBXFrameworksBuildPhase section */

/* Begin PBXGroup section */
		B92B3DB1217EAAD100908530 = {
			isa = PBXGroup;
			children = (
				B92B3DBC217EAAD100908530 /* Bill */,
				B92B3DBB217EAAD100908530 /* Products */,
				D72977698EC7F6FC88371609 /* Pods */,
				E8D08B07464CE0C1C4E8308B /* Frameworks */,
			);
			sourceTree = "<group>";
		};
		B92B3DBB217EAAD100908530 /* Products */ = {
			isa = PBXGroup;
			children = (
				B92B3DBA217EAAD100908530 /* Bill.app */,
			);
			name = Products;
			sourceTree = "<group>";
		};
		B92B3DBC217EAAD100908530 /* Bill */ = {
			isa = PBXGroup;
			children = (
				B92B3DBD217EAAD100908530 /* AppDelegate.swift */,
				B92B3DBF217EAAD100908530 /* ViewController.swift */,
				B92B3DD1217EB71E00908530 /* BillDetailViewController.swift */,
				B92B3DC1217EAAD100908530 /* Main.storyboard */,
				B92B3DC4217EAAD300908530 /* Assets.xcassets */,
				B92B3DC6217EAAD300908530 /* LaunchScreen.storyboard */,
				B92B3DC9217EAAD300908530 /* Info.plist */,
				B92B3DCF217EB3A700908530 /* BillModel.swift */,
				B92B3DD3217ED00B00908530 /* HeaderView.swift */,
				B907DFF8217F1C28005FB658 /* Type1Cell.swift */,
			);
			path = Bill;
			sourceTree = "<group>";
		};
		D72977698EC7F6FC88371609 /* Pods */ = {
			isa = PBXGroup;
			children = (
				B9A550CA4F6EEB889E4ECA61 /* Pods-Bill.debug.xcconfig */,
				B2F92134648A222C8513D79D /* Pods-Bill.release.xcconfig */,
			);
			name = Pods;
			sourceTree = "<group>";
		};
		E8D08B07464CE0C1C4E8308B /* Frameworks */ = {
			isa = PBXGroup;
			children = (
				B90ECE08217EEB0400569097 /* Pods_Bill.framework */,
				60070C4CD236DC0EF9C7A5C6 /* Pods_Bill.framework */,
			);
			name = Frameworks;
			sourceTree = "<group>";
		};
/* End PBXGroup section */

/* Begin PBXNativeTarget section */
		B92B3DB9217EAAD100908530 /* Bill */ = {
			isa = PBXNativeTarget;
			buildConfigurationList = B92B3DCC217EAAD300908530 /* Build configuration list for PBXNativeTarget "Bill" */;
			buildPhases = (
				CF037321B783373AFEA89D77 /* [CP] Check Pods Manifest.lock */,
				B92B3DB6217EAAD100908530 /* Sources */,
				B92B3DB7217EAAD100908530 /* Frameworks */,
				B92B3DB8217EAAD100908530 /* Resources */,
				D37F70DAC6D74C33ED0D7AFF /* [CP] Embed Pods Frameworks */,
			);
			buildRules = (
			);
			dependencies = (
			);
			name = Bill;
			productName = Bill;
			productReference = B92B3DBA217EAAD100908530 /* Bill.app */;
			productType = "com.apple.product-type.application";
		};
/* End PBXNativeTarget section */

/* Begin PBXProject section */
		B92B3DB2217EAAD100908530 /* Project object */ = {
			isa = PBXProject;
			attributes = {
				LastSwiftUpdateCheck = 1000;
				LastUpgradeCheck = 1000;
				ORGANIZATIONNAME = " dingxiuwei";
				TargetAttributes = {
					B92B3DB9217EAAD100908530 = {
						CreatedOnToolsVersion = 10.0;
					};
				};
			};
			buildConfigurationList = B92B3DB5217EAAD100908530 /* Build configuration list for PBXProject "Bill" */;
			compatibilityVersion = "Xcode 9.3";
			developmentRegion = en;
			hasScannedForEncodings = 0;
			knownRegions = (
				en,
				Base,
			);
			mainGroup = B92B3DB1217EAAD100908530;
			productRefGroup = B92B3DBB217EAAD100908530 /* Products */;
			projectDirPath = "";
			projectRoot = "";
			targets = (
				B92B3DB9217EAAD100908530 /* Bill */,
			);
		};
/* End PBXProject section */

/* Begin PBXResourcesBuildPhase section */
		B92B3DB8217EAAD100908530 /* Resources */ = {
			isa = PBXResourcesBuildPhase;
			buildActionMask = 2147483647;
			files = (
				B92B3DC8217EAAD300908530 /* LaunchScreen.storyboard in Resources */,
				B92B3DC5217EAAD300908530 /* Assets.xcassets in Resources */,
				B92B3DC3217EAAD100908530 /* Main.storyboard in Resources */,
			);
			runOnlyForDeploymentPostprocessing = 0;
		};
/* End PBXResourcesBuildPhase section */

/* Begin PBXShellScriptBuildPhase section */
		CF037321B783373AFEA89D77 /* [CP] Check Pods Manifest.lock */ = {
			isa = PBXShellScriptBuildPhase;
			buildActionMask = 2147483647;
			files = (
			);
			inputFileListPaths = (
			);
			inputPaths = (
				"${PODS_PODFILE_DIR_PATH}/Podfile.lock",
				"${PODS_ROOT}/Manifest.lock",
			);
			name = "[CP] Check Pods Manifest.lock";
			outputFileListPaths = (
			);
			outputPaths = (
				"$(DERIVED_FILE_DIR)/Pods-Bill-checkManifestLockResult.txt",
			);
			runOnlyForDeploymentPostprocessing = 0;
			shellPath = /bin/sh;
			shellScript = "diff \"${PODS_PODFILE_DIR_PATH}/Podfile.lock\" \"${PODS_ROOT}/Manifest.lock\" > /dev/null\nif [ $? != 0 ] ; then\n    # print error to STDERR\n    echo \"error: The sandbox is not in sync with the Podfile.lock. Run 'pod install' or update your CocoaPods installation.\" >&2\n    exit 1\nfi\n# This output is used by Xcode 'outputs' to avoid re-running this script phase.\necho \"SUCCESS\" > \"${SCRIPT_OUTPUT_FILE_0}\"\n";
			showEnvVarsInLog = 0;
		};
		D37F70DAC6D74C33ED0D7AFF /* [CP] Embed Pods Frameworks */ = {
			isa = PBXShellScriptBuildPhase;
			buildActionMask = 2147483647;
			files = (
			);
			inputFileListPaths = (
			);
			inputPaths = (
				"${SRCROOT}/Pods/Target Support Files/Pods-Bill/Pods-Bill-frameworks.sh",
				"${BUILT_PRODUCTS_DIR}/SnapKit/SnapKit.framework",
			);
			name = "[CP] Embed Pods Frameworks";
			outputFileListPaths = (
			);
			outputPaths = (
				"${TARGET_BUILD_DIR}/${FRAMEWORKS_FOLDER_PATH}/SnapKit.framework",
			);
			runOnlyForDeploymentPostprocessing = 0;
			shellPath = /bin/sh;
			shellScript = "\"${SRCROOT}/Pods/Target Support Files/Pods-Bill/Pods-Bill-frameworks.sh\"\n";
			showEnvVarsInLog = 0;
		};
/* End PBXShellScriptBuildPhase section */

/* Begin PBXSourcesBuildPhase section */
		B92B3DB6217EAAD100908530 /* Sources */ = {
			isa = PBXSourcesBuildPhase;
			buildActionMask = 2147483647;
			files = (
				B92B3DD4217ED00B00908530 /* HeaderView.swift in Sources */,
				B92B3DC0217EAAD100908530 /* ViewController.swift in Sources */,
				B92B3DD0217EB3A700908530 /* BillModel.swift in Sources */,
				B92B3DD2217EB71E00908530 /* BillDetailViewController.swift in Sources */,
				B92B3DBE217EAAD100908530 /* AppDelegate.swift in Sources */,
				B907DFF9217F1C28005FB658 /* Type1Cell.swift in Sources */,
			);
			runOnlyForDeploymentPostprocessing = 0;
		};
/* End PBXSourcesBuildPhase section */

/* Begin PBXVariantGroup section */
		B92B3DC1217EAAD100908530 /* Main.storyboard */ = {
			isa = PBXVariantGroup;
			children = (
				B92B3DC2217EAAD100908530 /* Base */,
			);
			name = Main.storyboard;
			sourceTree = "<group>";
		};
		B92B3DC6217EAAD300908530 /* LaunchScreen.storyboard */ = {
			isa = PBXVariantGroup;
			children = (
				B92B3DC7217EAAD300908530 /* Base */,
			);
			name = LaunchScreen.storyboard;
			sourceTree = "<group>";
		};
/* End PBXVariantGroup section */

/* Begin XCBuildConfiguration section */
		B92B3DCA217EAAD300908530 /* Debug */ = {
			isa = XCBuildConfiguration;
			buildSettings = {
				ALWAYS_SEARCH_USER_PATHS = NO;
				CLANG_ANALYZER_NONNULL = YES;
				CLANG_ANALYZER_NUMBER_OBJECT_CONVERSION = YES_AGGRESSIVE;
				CLANG_CXX_LANGUAGE_STANDARD = "gnu++14";
				CLANG_CXX_LIBRARY = "libc++";
				CLANG_ENABLE_MODULES = YES;
				CLANG_ENABLE_OBJC_ARC = YES;
				CLANG_ENABLE_OBJC_WEAK = YES;
				CLANG_WARN_BLOCK_CAPTURE_AUTORELEASING = YES;
				CLANG_WARN_BOOL_CONVERSION = YES;
				CLANG_WARN_COMMA = YES;
				CLANG_WARN_CONSTANT_CONVERSION = YES;
				CLANG_WARN_DEPRECATED_OBJC_IMPLEMENTATIONS = YES;
				CLANG_WARN_DIRECT_OBJC_ISA_USAGE = YES_ERROR;
				CLANG_WARN_DOCUMENTATION_COMMENTS = YES;
				CLANG_WARN_EMPTY_BODY = YES;
				CLANG_WARN_ENUM_CONVERSION = YES;
				CLANG_WARN_INFINITE_RECURSION = YES;
				CLANG_WARN_INT_CONVERSION = YES;
				CLANG_WARN_NON_LITERAL_NULL_CONVERSION = YES;
				CLANG_WARN_OBJC_IMPLICIT_RETAIN_SELF = YES;
				CLANG_WARN_OBJC_LITERAL_CONVERSION = YES;
				CLANG_WARN_OBJC_ROOT_CLASS = YES_ERROR;
				CLANG_WARN_RANGE_LOOP_ANALYSIS = YES;
				CLANG_WARN_STRICT_PROTOTYPES = YES;
				CLANG_WARN_SUSPICIOUS_MOVE = YES;
				CLANG_WARN_UNGUARDED_AVAILABILITY = YES_AGGRESSIVE;
				CLANG_WARN_UNREACHABLE_CODE = YES;
				CLANG_WARN__DUPLICATE_METHOD_MATCH = YES;
				CODE_SIGN_IDENTITY = "iPhone Developer";
				COPY_PHASE_STRIP = NO;
				DEBUG_INFORMATION_FORMAT = dwarf;
				ENABLE_STRICT_OBJC_MSGSEND = YES;
				ENABLE_TESTABILITY = YES;
				GCC_C_LANGUAGE_STANDARD = gnu11;
				GCC_DYNAMIC_NO_PIC = NO;
				GCC_NO_COMMON_BLOCKS = YES;
				GCC_OPTIMIZATION_LEVEL = 0;
				GCC_PREPROCESSOR_DEFINITIONS = (
					"DEBUG=1",
					"$(inherited)",
				);
				GCC_WARN_64_TO_32_BIT_CONVERSION = YES;
				GCC_WARN_ABOUT_RETURN_TYPE = YES_ERROR;
				GCC_WARN_UNDECLARED_SELECTOR = YES;
				GCC_WARN_UNINITIALIZED_AUTOS = YES_AGGRESSIVE;
				GCC_WARN_UNUSED_FUNCTION = YES;
				GCC_WARN_UNUSED_VARIABLE = YES;
				IPHONEOS_DEPLOYMENT_TARGET = 12.0;
				MTL_ENABLE_DEBUG_INFO = INCLUDE_SOURCE;
				MTL_FAST_MATH = YES;
				ONLY_ACTIVE_ARCH = YES;
				SDKROOT = iphoneos;
				SWIFT_ACTIVE_COMPILATION_CONDITIONS = DEBUG;
				SWIFT_OPTIMIZATION_LEVEL = "-Onone";
			};
			name = Debug;
		};
		B92B3DCB217EAAD300908530 /* Release */ = {
			isa = XCBuildConfiguration;
			buildSettings = {
				ALWAYS_SEARCH_USER_PATHS = NO;
				CLANG_ANALYZER_NONNULL = YES;
				CLANG_ANALYZER_NUMBER_OBJECT_CONVERSION = YES_AGGRESSIVE;
				CLANG_CXX_LANGUAGE_STANDARD = "gnu++14";
				CLANG_CXX_LIBRARY = "libc++";
				CLANG_ENABLE_MODULES = YES;
				CLANG_ENABLE_OBJC_ARC = YES;
				CLANG_ENABLE_OBJC_WEAK = YES;
				CLANG_WARN_BLOCK_CAPTURE_AUTORELEASING = YES;
				CLANG_WARN_BOOL_CONVERSION = YES;
				CLANG_WARN_COMMA = YES;
				CLANG_WARN_CONSTANT_CONVERSION = YES;
				CLANG_WARN_DEPRECATED_OBJC_IMPLEMENTATIONS = YES;
				CLANG_WARN_DIRECT_OBJC_ISA_USAGE = YES_ERROR;
				CLANG_WARN_DOCUMENTATION_COMMENTS = YES;
				CLANG_WARN_EMPTY_BODY = YES;
				CLANG_WARN_ENUM_CONVERSION = YES;
				CLANG_WARN_INFINITE_RECURSION = YES;
				CLANG_WARN_INT_CONVERSION = YES;
				CLANG_WARN_NON_LITERAL_NULL_CONVERSION = YES;
				CLANG_WARN_OBJC_IMPLICIT_RETAIN_SELF = YES;
				CLANG_WARN_OBJC_LITERAL_CONVERSION = YES;
				CLANG_WARN_OBJC_ROOT_CLASS = YES_ERROR;
				CLANG_WARN_RANGE_LOOP_ANALYSIS = YES;
				CLANG_WARN_STRICT_PROTOTYPES = YES;
				CLANG_WARN_SUSPICIOUS_MOVE = YES;
				CLANG_WARN_UNGUARDED_AVAILABILITY = YES_AGGRESSIVE;
				CLANG_WARN_UNREACHABLE_CODE = YES;
				CLANG_WARN__DUPLICATE_METHOD_MATCH = YES;
				CODE_SIGN_IDENTITY = "iPhone Developer";
				COPY_PHASE_STRIP = NO;
				DEBUG_INFORMATION_FORMAT = "dwarf-with-dsym";
				ENABLE_NS_ASSERTIONS = NO;
				ENABLE_STRICT_OBJC_MSGSEND = YES;
				GCC_C_LANGUAGE_STANDARD = gnu11;
				GCC_NO_COMMON_BLOCKS = YES;
				GCC_WARN_64_TO_32_BIT_CONVERSION = YES;
				GCC_WARN_ABOUT_RETURN_TYPE = YES_ERROR;
				GCC_WARN_UNDECLARED_SELECTOR = YES;
				GCC_WARN_UNINITIALIZED_AUTOS = YES_AGGRESSIVE;
				GCC_WARN_UNUSED_FUNCTION = YES;
				GCC_WARN_UNUSED_VARIABLE = YES;
				IPHONEOS_DEPLOYMENT_TARGET = 12.0;
				MTL_ENABLE_DEBUG_INFO = NO;
				MTL_FAST_MATH = YES;
				SDKROOT = iphoneos;
				SWIFT_COMPILATION_MODE = wholemodule;
				SWIFT_OPTIMIZATION_LEVEL = "-O";
				VALIDATE_PRODUCT = YES;
			};
			name = Release;
		};
		B92B3DCD217EAAD300908530 /* Debug */ = {
			isa = XCBuildConfiguration;
			baseConfigurationReference = B9A550CA4F6EEB889E4ECA61 /* Pods-Bill.debug.xcconfig */;
			buildSettings = {
				ASSETCATALOG_COMPILER_APPICON_NAME = AppIcon;
				CODE_SIGN_STYLE = Automatic;
				DEVELOPMENT_TEAM = 6D7J43H33A;
				INFOPLIST_FILE = Bill/Info.plist;
				LD_RUNPATH_SEARCH_PATHS = (
					"$(inherited)",
					"@executable_path/Frameworks",
				);
				PRODUCT_BUNDLE_IDENTIFIER = dxw.test.Bill;
				PRODUCT_NAME = "$(TARGET_NAME)";
				SWIFT_VERSION = 4.0;
				TARGETED_DEVICE_FAMILY = "1,2";
			};
			name = Debug;
		};
		B92B3DCE217EAAD300908530 /* Release */ = {
			isa = XCBuildConfiguration;
			baseConfigurationReference = B2F92134648A222C8513D79D /* Pods-Bill.release.xcconfig */;
			buildSettings = {
				ASSETCATALOG_COMPILER_APPICON_NAME = AppIcon;
				CODE_SIGN_STYLE = Automatic;
				DEVELOPMENT_TEAM = 6D7J43H33A;
				INFOPLIST_FILE = Bill/Info.plist;
				LD_RUNPATH_SEARCH_PATHS = (
					"$(inherited)",
					"@executable_path/Frameworks",
				);
				PRODUCT_BUNDLE_IDENTIFIER = dxw.test.Bill;
				PRODUCT_NAME = "$(TARGET_NAME)";
				SWIFT_VERSION = 4.0;
				TARGETED_DEVICE_FAMILY = "1,2";
			};
			name = Release;
		};
/* End XCBuildConfiguration section */

/* Begin XCConfigurationList section */
		B92B3DB5217EAAD100908530 /* Build configuration list for PBXProject "Bill" */ = {
			isa = XCConfigurationList;
			buildConfigurations = (
				B92B3DCA217EAAD300908530 /* Debug */,
				B92B3DCB217EAAD300908530 /* Release */,
			);
			defaultConfigurationIsVisible = 0;
			defaultConfigurationName = Release;
		};
		B92B3DCC217EAAD300908530 /* Build configuration list for PBXNativeTarget "Bill" */ = {
			isa = XCConfigurationList;
			buildConfigurations = (
				B92B3DCD217EAAD300908530 /* Debug */,
				B92B3DCE217EAAD300908530 /* Release */,
			);
			defaultConfigurationIsVisible = 0;
			defaultConfigurationName = Release;
		};
/* End XCConfigurationList section */
	};
	rootObject = B92B3DB2217EAAD100908530 /* Project object */;
}
